
Microsoft Visual Studio Solution File, Format Version 12.00
# Visual Studio Version 17
VisualStudioVersion = 17.11.35327.3
MinimumVisualStudioVersion = 10.0.40219.1
Project("{FAE04EC0-301F-11D3-BF4B-00C04F79EFBC}") = "SISTEMA_LIMPIEZA", "SISTEMA_LIMPIEZA\SISTEMA_LIMPIEZA.csproj", "{6D8551EC-0404-436A-A5A0-574407C851B0}"
EndProject
Global
	GlobalSection(SolutionConfigurationPlatforms) = preSolution
		Debug|Any CPU = Debug|Any CPU
		Release|Any CPU = Release|Any CPU
	EndGlobalSection
	GlobalSection(ProjectConfigurationPlatforms) = postSolution
		{6D8551EC-0404-436A-A5A0-574407C851B0}.Debug|Any CPU.ActiveCfg = Debug|Any CPU
		{6D8551EC-0404-436A-A5A0-574407C851B0}.Debug|Any CPU.Build.0 = Debug|Any CPU
		{6D8551EC-0404-436A-A5A0-574407C851B0}.Release|Any CPU.ActiveCfg = Release|Any CPU
		{6D8551EC-0404-436A-A5A0-574407C851B0}.Release|Any CPU.Build.0 = Release|Any CPU
	EndGlobalSection
	GlobalSection(SolutionProperties) = preSolution
		HideSolutionNode = FALSE
	EndGlobalSection
	GlobalSection(ExtensibilityGlobals) = postSolution
		SolutionGuid = {55335334-3F75-4C2B-97C0-ABD28F63CAB5}
	EndGlobalSection
EndGlobal
